// !$*UTF8*$!
{
	archiveVersion = 1;
	classes = {
	};
	objectVersion = 51;
	objects = {

/* Begin PBXBuildFile section */
		0E409EC2EF1DDCCA96159EBC /* Pods_MircoBlog_MircoBlogUITests.framework in Frameworks */ = {isa = PBXBuildFile; fileRef = 1DF34E8C8B4E645D00C559CF /* Pods_MircoBlog_MircoBlogUITests.framework */; };
		18711FDE26293827008C5A49 /* StatusPictureView.swift in Sources */ = {isa = PBXBuildFile; fileRef = 18711FDD26293826008C5A49 /* StatusPictureView.swift */; };
		1879BA52261D46AC0066DA14 /* UILabel+Extension.swift in Sources */ = {isa = PBXBuildFile; fileRef = 1879BA51261D46AC0066DA14 /* UILabel+Extension.swift */; };
		1879BA57261D48850066DA14 /* UIImageView+Extension.swift in Sources */ = {isa = PBXBuildFile; fileRef = 1879BA56261D48850066DA14 /* UIImageView+Extension.swift */; };
		1879BA5C261D537E0066DA14 /* Common.swift in Sources */ = {isa = PBXBuildFile; fileRef = 1879BA5B261D537E0066DA14 /* Common.swift */; };
		1879BBC0261DB2EB0066DA14 /* NetworkTools.swift in Sources */ = {isa = PBXBuildFile; fileRef = 1879BBBF261DB2EB0066DA14 /* NetworkTools.swift */; };
		1879BBCA261DB4250066DA14 /* OAtuhViewController.swift in Sources */ = {isa = PBXBuildFile; fileRef = 1879BBC9261DB4250066DA14 /* OAtuhViewController.swift */; };
		1879BC14261EE9CC0066DA14 /* UserAccount.swift in Sources */ = {isa = PBXBuildFile; fileRef = 1879BC13261EE9CC0066DA14 /* UserAccount.swift */; };
		1879BC1F261F26090066DA14 /* UserAccountViewModel.swift in Sources */ = {isa = PBXBuildFile; fileRef = 1879BC1E261F26090066DA14 /* UserAccountViewModel.swift */; };
		1879BC73262026630066DA14 /* NewFeatureCollectionViewController.swift in Sources */ = {isa = PBXBuildFile; fileRef = 1879BC72262026620066DA14 /* NewFeatureCollectionViewController.swift */; };
		1879BC7826204EC90066DA14 /* WelcomeViewController.swift in Sources */ = {isa = PBXBuildFile; fileRef = 1879BC7726204EC90066DA14 /* WelcomeViewController.swift */; };
		1879BC89262159FF0066DA14 /* Status.swift in Sources */ = {isa = PBXBuildFile; fileRef = 1879BC88262159FF0066DA14 /* Status.swift */; };
		1879BC8E262182800066DA14 /* StatusListViewModel.swift in Sources */ = {isa = PBXBuildFile; fileRef = 1879BC8D262182800066DA14 /* StatusListViewModel.swift */; };
		1879BC93262187A70066DA14 /* User.swift in Sources */ = {isa = PBXBuildFile; fileRef = 1879BC92262187A60066DA14 /* User.swift */; };
		1879BC9826218DBC0066DA14 /* StatusViewModel.swift in Sources */ = {isa = PBXBuildFile; fileRef = 1879BC9726218DBC0066DA14 /* StatusViewModel.swift */; };
		1879BC9E2621901B0066DA14 /* StatusTableViewCell.swift in Sources */ = {isa = PBXBuildFile; fileRef = 1879BC9D2621901B0066DA14 /* StatusTableViewCell.swift */; };
		1879BCA62621904A0066DA14 /* StatusTableViewCellTopView.swift in Sources */ = {isa = PBXBuildFile; fileRef = 1879BCA52621904A0066DA14 /* StatusTableViewCellTopView.swift */; };
		1879BCAB262190760066DA14 /* StatusTableViewCellBottomView.swift in Sources */ = {isa = PBXBuildFile; fileRef = 1879BCAA262190760066DA14 /* StatusTableViewCellBottomView.swift */; };
		18D96FFE2615B4D9005F0A5A /* AppDelegate.swift in Sources */ = {isa = PBXBuildFile; fileRef = 18D96FFD2615B4D9005F0A5A /* AppDelegate.swift */; };
		18D970072615B4DF005F0A5A /* Assets.xcassets in Resources */ = {isa = PBXBuildFile; fileRef = 18D970062615B4DF005F0A5A /* Assets.xcassets */; };
		18D9700A2615B4DF005F0A5A /* LaunchScreen.storyboard in Resources */ = {isa = PBXBuildFile; fileRef = 18D970082615B4DF005F0A5A /* LaunchScreen.storyboard */; };
		18D970152615B4DF005F0A5A /* MircoBlogTests.swift in Sources */ = {isa = PBXBuildFile; fileRef = 18D970142615B4DF005F0A5A /* MircoBlogTests.swift */; };
		18D970202615B4DF005F0A5A /* MircoBlogUITests.swift in Sources */ = {isa = PBXBuildFile; fileRef = 18D9701F2615B4DF005F0A5A /* MircoBlogUITests.swift */; };
		18D9706A2615C5E7005F0A5A /* HomeTableViewController.swift in Sources */ = {isa = PBXBuildFile; fileRef = 18D970692615C5E7005F0A5A /* HomeTableViewController.swift */; };
		18D970742615C600005F0A5A /* DiscoverTableViewController.swift in Sources */ = {isa = PBXBuildFile; fileRef = 18D970732615C600005F0A5A /* DiscoverTableViewController.swift */; };
		18D970792615C609005F0A5A /* MessageTableViewController.swift in Sources */ = {isa = PBXBuildFile; fileRef = 18D970782615C609005F0A5A /* MessageTableViewController.swift */; };
		18D9707E2615C610005F0A5A /* ProfileTableViewController.swift in Sources */ = {isa = PBXBuildFile; fileRef = 18D9707D2615C610005F0A5A /* ProfileTableViewController.swift */; };
		18D970862615C63E005F0A5A /* MainViewController.swift in Sources */ = {isa = PBXBuildFile; fileRef = 18D970852615C63E005F0A5A /* MainViewController.swift */; };
		18D9708C2615E80F005F0A5A /* UIButton+Extension.swift in Sources */ = {isa = PBXBuildFile; fileRef = 18D9708B2615E80E005F0A5A /* UIButton+Extension.swift */; };
		18D970952615F6F6005F0A5A /* VisitorTableViewController.swift in Sources */ = {isa = PBXBuildFile; fileRef = 18D970942615F6F6005F0A5A /* VisitorTableViewController.swift */; };
		18D9709A2615F909005F0A5A /* VisitorView.swift in Sources */ = {isa = PBXBuildFile; fileRef = 18D970992615F909005F0A5A /* VisitorView.swift */; };
		9F43C1A5D46D4C276C14AD48 /* Pods_MircoBlogTests.framework in Frameworks */ = {isa = PBXBuildFile; fileRef = DC1FD9EBD02304DE2930855B /* Pods_MircoBlogTests.framework */; };
		B4A239E73604F24F989E2C5D /* Pods_MircoBlog.framework in Frameworks */ = {isa = PBXBuildFile; fileRef = EA178B41466B733B8FE7E2ED /* Pods_MircoBlog.framework */; };
/* End PBXBuildFile section */

/* Begin PBXContainerItemProxy section */
		18D970112615B4DF005F0A5A /* PBXContainerItemProxy */ = {
			isa = PBXContainerItemProxy;
			containerPortal = 18D96FF22615B4D9005F0A5A /* Project object */;
			proxyType = 1;
			remoteGlobalIDString = 18D96FF92615B4D9005F0A5A;
			remoteInfo = MircoBlog;
		};
		18D9701C2615B4DF005F0A5A /* PBXContainerItemProxy */ = {
			isa = PBXContainerItemProxy;
			containerPortal = 18D96FF22615B4D9005F0A5A /* Project object */;
			proxyType = 1;
			remoteGlobalIDString = 18D96FF92615B4D9005F0A5A;
			remoteInfo = MircoBlog;
		};
/* End PBXContainerItemProxy section */

/* Begin PBXFileReference section */
		0A5CD6770D57970085F44E43 /* Pods-MircoBlog.debug.xcconfig */ = {isa = PBXFileReference; includeInIndex = 1; lastKnownFileType = text.xcconfig; name = "Pods-MircoBlog.debug.xcconfig"; path = "Target Support Files/Pods-MircoBlog/Pods-MircoBlog.debug.xcconfig"; sourceTree = "<group>"; };
		18711FDD26293826008C5A49 /* StatusPictureView.swift */ = {isa = PBXFileReference; lastKnownFileType = sourcecode.swift; path = StatusPictureView.swift; sourceTree = "<group>"; };
		1879BA51261D46AC0066DA14 /* UILabel+Extension.swift */ = {isa = PBXFileReference; lastKnownFileType = sourcecode.swift; path = "UILabel+Extension.swift"; sourceTree = "<group>"; };
		1879BA56261D48850066DA14 /* UIImageView+Extension.swift */ = {isa = PBXFileReference; lastKnownFileType = sourcecode.swift; path = "UIImageView+Extension.swift"; sourceTree = "<group>"; };
		1879BA5B261D537E0066DA14 /* Common.swift */ = {isa = PBXFileReference; lastKnownFileType = sourcecode.swift; path = Common.swift; sourceTree = "<group>"; };
		1879BBBF261DB2EB0066DA14 /* NetworkTools.swift */ = {isa = PBXFileReference; fileEncoding = 4; lastKnownFileType = sourcecode.swift; path = NetworkTools.swift; sourceTree = "<group>"; };
		1879BBC9261DB4250066DA14 /* OAtuhViewController.swift */ = {isa = PBXFileReference; lastKnownFileType = sourcecode.swift; path = OAtuhViewController.swift; sourceTree = "<group>"; };
		1879BC13261EE9CC0066DA14 /* UserAccount.swift */ = {isa = PBXFileReference; lastKnownFileType = sourcecode.swift; path = UserAccount.swift; sourceTree = "<group>"; };
		1879BC1E261F26090066DA14 /* UserAccountViewModel.swift */ = {isa = PBXFileReference; lastKnownFileType = sourcecode.swift; path = UserAccountViewModel.swift; sourceTree = "<group>"; };
		1879BC72262026620066DA14 /* NewFeatureCollectionViewController.swift */ = {isa = PBXFileReference; lastKnownFileType = sourcecode.swift; path = NewFeatureCollectionViewController.swift; sourceTree = "<group>"; };
		1879BC7726204EC90066DA14 /* WelcomeViewController.swift */ = {isa = PBXFileReference; lastKnownFileType = sourcecode.swift; path = WelcomeViewController.swift; sourceTree = "<group>"; };
		1879BC88262159FF0066DA14 /* Status.swift */ = {isa = PBXFileReference; lastKnownFileType = sourcecode.swift; path = Status.swift; sourceTree = "<group>"; };
		1879BC8D262182800066DA14 /* StatusListViewModel.swift */ = {isa = PBXFileReference; lastKnownFileType = sourcecode.swift; path = StatusListViewModel.swift; sourceTree = "<group>"; };
		1879BC92262187A60066DA14 /* User.swift */ = {isa = PBXFileReference; lastKnownFileType = sourcecode.swift; path = User.swift; sourceTree = "<group>"; };
		1879BC9726218DBC0066DA14 /* StatusViewModel.swift */ = {isa = PBXFileReference; lastKnownFileType = sourcecode.swift; path = StatusViewModel.swift; sourceTree = "<group>"; };
		1879BC9D2621901B0066DA14 /* StatusTableViewCell.swift */ = {isa = PBXFileReference; lastKnownFileType = sourcecode.swift; path = StatusTableViewCell.swift; sourceTree = "<group>"; };
		1879BCA52621904A0066DA14 /* StatusTableViewCellTopView.swift */ = {isa = PBXFileReference; lastKnownFileType = sourcecode.swift; path = StatusTableViewCellTopView.swift; sourceTree = "<group>"; };
		1879BCAA262190760066DA14 /* StatusTableViewCellBottomView.swift */ = {isa = PBXFileReference; lastKnownFileType = sourcecode.swift; path = StatusTableViewCellBottomView.swift; sourceTree = "<group>"; };
		18D96FFA2615B4D9005F0A5A /* MircoBlog.app */ = {isa = PBXFileReference; explicitFileType = wrapper.application; includeInIndex = 0; path = MircoBlog.app; sourceTree = BUILT_PRODUCTS_DIR; };
		18D96FFD2615B4D9005F0A5A /* AppDelegate.swift */ = {isa = PBXFileReference; lastKnownFileType = sourcecode.swift; path = AppDelegate.swift; sourceTree = "<group>"; };
		18D970062615B4DF005F0A5A /* Assets.xcassets */ = {isa = PBXFileReference; lastKnownFileType = folder.assetcatalog; path = Assets.xcassets; sourceTree = "<group>"; };
		18D970092615B4DF005F0A5A /* Base */ = {isa = PBXFileReference; lastKnownFileType = file.storyboard; name = Base; path = Base.lproj/LaunchScreen.storyboard; sourceTree = "<group>"; };
		18D9700B2615B4DF005F0A5A /* Info.plist */ = {isa = PBXFileReference; lastKnownFileType = text.plist.xml; path = Info.plist; sourceTree = "<group>"; };
		18D970102615B4DF005F0A5A /* MircoBlogTests.xctest */ = {isa = PBXFileReference; explicitFileType = wrapper.cfbundle; includeInIndex = 0; path = MircoBlogTests.xctest; sourceTree = BUILT_PRODUCTS_DIR; };
		18D970142615B4DF005F0A5A /* MircoBlogTests.swift */ = {isa = PBXFileReference; lastKnownFileType = sourcecode.swift; path = MircoBlogTests.swift; sourceTree = "<group>"; };
		18D970162615B4DF005F0A5A /* Info.plist */ = {isa = PBXFileReference; lastKnownFileType = text.plist.xml; path = Info.plist; sourceTree = "<group>"; };
		18D9701B2615B4DF005F0A5A /* MircoBlogUITests.xctest */ = {isa = PBXFileReference; explicitFileType = wrapper.cfbundle; includeInIndex = 0; path = MircoBlogUITests.xctest; sourceTree = BUILT_PRODUCTS_DIR; };
		18D9701F2615B4DF005F0A5A /* MircoBlogUITests.swift */ = {isa = PBXFileReference; lastKnownFileType = sourcecode.swift; path = MircoBlogUITests.swift; sourceTree = "<group>"; };
		18D970212615B4DF005F0A5A /* Info.plist */ = {isa = PBXFileReference; lastKnownFileType = text.plist.xml; path = Info.plist; sourceTree = "<group>"; };
		18D970692615C5E7005F0A5A /* HomeTableViewController.swift */ = {isa = PBXFileReference; lastKnownFileType = sourcecode.swift; path = HomeTableViewController.swift; sourceTree = "<group>"; };
		18D970732615C600005F0A5A /* DiscoverTableViewController.swift */ = {isa = PBXFileReference; lastKnownFileType = sourcecode.swift; path = DiscoverTableViewController.swift; sourceTree = "<group>"; };
		18D970782615C609005F0A5A /* MessageTableViewController.swift */ = {isa = PBXFileReference; lastKnownFileType = sourcecode.swift; path = MessageTableViewController.swift; sourceTree = "<group>"; };
		18D9707D2615C610005F0A5A /* ProfileTableViewController.swift */ = {isa = PBXFileReference; lastKnownFileType = sourcecode.swift; path = ProfileTableViewController.swift; sourceTree = "<group>"; };
		18D970852615C63E005F0A5A /* MainViewController.swift */ = {isa = PBXFileReference; lastKnownFileType = sourcecode.swift; path = MainViewController.swift; sourceTree = "<group>"; };
		18D9708B2615E80E005F0A5A /* UIButton+Extension.swift */ = {isa = PBXFileReference; lastKnownFileType = sourcecode.swift; path = "UIButton+Extension.swift"; sourceTree = "<group>"; };
		18D970942615F6F6005F0A5A /* VisitorTableViewController.swift */ = {isa = PBXFileReference; lastKnownFileType = sourcecode.swift; path = VisitorTableViewController.swift; sourceTree = "<group>"; };
		18D970992615F909005F0A5A /* VisitorView.swift */ = {isa = PBXFileReference; lastKnownFileType = sourcecode.swift; path = VisitorView.swift; sourceTree = "<group>"; };
		1DF34E8C8B4E645D00C559CF /* Pods_MircoBlog_MircoBlogUITests.framework */ = {isa = PBXFileReference; explicitFileType = wrapper.framework; includeInIndex = 0; path = Pods_MircoBlog_MircoBlogUITests.framework; sourceTree = BUILT_PRODUCTS_DIR; };
		4FC3BFCFABB9535D966C9059 /* Pods-MircoBlog-MircoBlogUITests.debug.xcconfig */ = {isa = PBXFileReference; includeInIndex = 1; lastKnownFileType = text.xcconfig; name = "Pods-MircoBlog-MircoBlogUITests.debug.xcconfig"; path = "Target Support Files/Pods-MircoBlog-MircoBlogUITests/Pods-MircoBlog-MircoBlogUITests.debug.xcconfig"; sourceTree = "<group>"; };
		6A291A0790B3C5F8E6D44428 /* Pods-MircoBlogTests.release.xcconfig */ = {isa = PBXFileReference; includeInIndex = 1; lastKnownFileType = text.xcconfig; name = "Pods-MircoBlogTests.release.xcconfig"; path = "Target Support Files/Pods-MircoBlogTests/Pods-MircoBlogTests.release.xcconfig"; sourceTree = "<group>"; };
		9AC9247CF2CE455D1BC092BC /* Pods-MircoBlog.release.xcconfig */ = {isa = PBXFileReference; includeInIndex = 1; lastKnownFileType = text.xcconfig; name = "Pods-MircoBlog.release.xcconfig"; path = "Target Support Files/Pods-MircoBlog/Pods-MircoBlog.release.xcconfig"; sourceTree = "<group>"; };
		DC1FD9EBD02304DE2930855B /* Pods_MircoBlogTests.framework */ = {isa = PBXFileReference; explicitFileType = wrapper.framework; includeInIndex = 0; path = Pods_MircoBlogTests.framework; sourceTree = BUILT_PRODUCTS_DIR; };
		E2F9D26A4199B9A06535FA84 /* Pods-MircoBlog-MircoBlogUITests.release.xcconfig */ = {isa = PBXFileReference; includeInIndex = 1; lastKnownFileType = text.xcconfig; name = "Pods-MircoBlog-MircoBlogUITests.release.xcconfig"; path = "Target Support Files/Pods-MircoBlog-MircoBlogUITests/Pods-MircoBlog-MircoBlogUITests.release.xcconfig"; sourceTree = "<group>"; };
		EA178B41466B733B8FE7E2ED /* Pods_MircoBlog.framework */ = {isa = PBXFileReference; explicitFileType = wrapper.framework; includeInIndex = 0; path = Pods_MircoBlog.framework; sourceTree = BUILT_PRODUCTS_DIR; };
		F8399D8011CB5678BF7DDB53 /* Pods-MircoBlogTests.debug.xcconfig */ = {isa = PBXFileReference; includeInIndex = 1; lastKnownFileType = text.xcconfig; name = "Pods-MircoBlogTests.debug.xcconfig"; path = "Target Support Files/Pods-MircoBlogTests/Pods-MircoBlogTests.debug.xcconfig"; sourceTree = "<group>"; };
/* End PBXFileReference section */

/* Begin PBXFrameworksBuildPhase section */
		18D96FF72615B4D9005F0A5A /* Frameworks */ = {
			isa = PBXFrameworksBuildPhase;
			buildActionMask = 2147483647;
			files = (
				B4A239E73604F24F989E2C5D /* Pods_MircoBlog.framework in Frameworks */,
			);
			runOnlyForDeploymentPostprocessing = 0;
		};
		18D9700D2615B4DF005F0A5A /* Frameworks */ = {
			isa = PBXFrameworksBuildPhase;
			buildActionMask = 2147483647;
			files = (
				9F43C1A5D46D4C276C14AD48 /* Pods_MircoBlogTests.framework in Frameworks */,
			);
			runOnlyForDeploymentPostprocessing = 0;
		};
		18D970182615B4DF005F0A5A /* Frameworks */ = {
			isa = PBXFrameworksBuildPhase;
			buildActionMask = 2147483647;
			files = (
				0E409EC2EF1DDCCA96159EBC /* Pods_MircoBlog_MircoBlogUITests.framework in Frameworks */,
			);
			runOnlyForDeploymentPostprocessing = 0;
		};
/* End PBXFrameworksBuildPhase section */

/* Begin PBXGroup section */
		1879BBC7261DB3EF0066DA14 /* OAuth */ = {
			isa = PBXGroup;
			children = (
				1879BBC9261DB4250066DA14 /* OAtuhViewController.swift */,
			);
			path = OAuth;
			sourceTree = "<group>";
		};
		1879BC71262025AB0066DA14 /* NewFeature */ = {
			isa = PBXGroup;
			children = (
				1879BC72262026620066DA14 /* NewFeatureCollectionViewController.swift */,
				1879BC7726204EC90066DA14 /* WelcomeViewController.swift */,
			);
			path = NewFeature;
			sourceTree = "<group>";
		};
		1879BC9C26218FF80066DA14 /* StatusCell */ = {
			isa = PBXGroup;
			children = (
				1879BC9D2621901B0066DA14 /* StatusTableViewCell.swift */,
				1879BCA52621904A0066DA14 /* StatusTableViewCellTopView.swift */,
				18711FDD26293826008C5A49 /* StatusPictureView.swift */,
				1879BCAA262190760066DA14 /* StatusTableViewCellBottomView.swift */,
			);
			path = StatusCell;
			sourceTree = "<group>";
		};
		18D96FF12615B4D9005F0A5A = {
			isa = PBXGroup;
			children = (
				18D96FFC2615B4D9005F0A5A /* MircoBlog */,
				18D970132615B4DF005F0A5A /* MircoBlogTests */,
				18D9701E2615B4DF005F0A5A /* MircoBlogUITests */,
				18D96FFB2615B4D9005F0A5A /* Products */,
				9DCE4CACEBD278FF35629CB0 /* Pods */,
				FD77E0870895023CE527B36B /* Frameworks */,
			);
			sourceTree = "<group>";
		};
		18D96FFB2615B4D9005F0A5A /* Products */ = {
			isa = PBXGroup;
			children = (
				18D96FFA2615B4D9005F0A5A /* MircoBlog.app */,
				18D970102615B4DF005F0A5A /* MircoBlogTests.xctest */,
				18D9701B2615B4DF005F0A5A /* MircoBlogUITests.xctest */,
			);
			name = Products;
			sourceTree = "<group>";
		};
		18D96FFC2615B4D9005F0A5A /* MircoBlog */ = {
			isa = PBXGroup;
			children = (
				18D970422615C48C005F0A5A /* Tools */,
				18D970402615C48C005F0A5A /* Classes */,
				18D96FFD2615B4D9005F0A5A /* AppDelegate.swift */,
				18D970062615B4DF005F0A5A /* Assets.xcassets */,
				18D970082615B4DF005F0A5A /* LaunchScreen.storyboard */,
				18D9700B2615B4DF005F0A5A /* Info.plist */,
			);
			path = MircoBlog;
			sourceTree = "<group>";
		};
		18D970132615B4DF005F0A5A /* MircoBlogTests */ = {
			isa = PBXGroup;
			children = (
				18D970142615B4DF005F0A5A /* MircoBlogTests.swift */,
				18D970162615B4DF005F0A5A /* Info.plist */,
			);
			path = MircoBlogTests;
			sourceTree = "<group>";
		};
		18D9701E2615B4DF005F0A5A /* MircoBlogUITests */ = {
			isa = PBXGroup;
			children = (
				18D9701F2615B4DF005F0A5A /* MircoBlogUITests.swift */,
				18D970212615B4DF005F0A5A /* Info.plist */,
			);
			path = MircoBlogUITests;
			sourceTree = "<group>";
		};
		18D970402615C48C005F0A5A /* Classes */ = {
			isa = PBXGroup;
			children = (
				18D970442615C48C005F0A5A /* View(视图和控制器) */,
				18D970412615C48C005F0A5A /* ViewModel */,
				18D970432615C48C005F0A5A /* Model */,
			);
			path = Classes;
			sourceTree = "<group>";
		};
		18D970412615C48C005F0A5A /* ViewModel */ = {
			isa = PBXGroup;
			children = (
				1879BC1E261F26090066DA14 /* UserAccountViewModel.swift */,
				1879BC8D262182800066DA14 /* StatusListViewModel.swift */,
				1879BC9726218DBC0066DA14 /* StatusViewModel.swift */,
			);
			path = ViewModel;
			sourceTree = "<group>";
		};
		18D970422615C48C005F0A5A /* Tools */ = {
			isa = PBXGroup;
			children = (
				18D9708A2615E7F3005F0A5A /* Extension */,
				1879BA5B261D537E0066DA14 /* Common.swift */,
				1879BBBF261DB2EB0066DA14 /* NetworkTools.swift */,
			);
			path = Tools;
			sourceTree = "<group>";
		};
		18D970432615C48C005F0A5A /* Model */ = {
			isa = PBXGroup;
			children = (
				1879BC13261EE9CC0066DA14 /* UserAccount.swift */,
				1879BC88262159FF0066DA14 /* Status.swift */,
				1879BC92262187A60066DA14 /* User.swift */,
			);
			path = Model;
			sourceTree = "<group>";
		};
		18D970442615C48C005F0A5A /* View(视图和控制器) */ = {
			isa = PBXGroup;
			children = (
				1879BBC7261DB3EF0066DA14 /* OAuth */,
				18D970492615C48C005F0A5A /* Main */,
				18D970452615C48C005F0A5A /* Home */,
				18D970462615C48C005F0A5A /* Discover */,
				18D970472615C48C005F0A5A /* Message */,
				18D970482615C48C005F0A5A /* Profile */,
			);
			path = "View(视图和控制器)";
			sourceTree = "<group>";
		};
		18D970452615C48C005F0A5A /* Home */ = {
			isa = PBXGroup;
			children = (
				1879BC9C26218FF80066DA14 /* StatusCell */,
				18D970692615C5E7005F0A5A /* HomeTableViewController.swift */,
			);
			path = Home;
			sourceTree = "<group>";
		};
		18D970462615C48C005F0A5A /* Discover */ = {
			isa = PBXGroup;
			children = (
				18D970732615C600005F0A5A /* DiscoverTableViewController.swift */,
			);
			path = Discover;
			sourceTree = "<group>";
		};
		18D970472615C48C005F0A5A /* Message */ = {
			isa = PBXGroup;
			children = (
				18D970782615C609005F0A5A /* MessageTableViewController.swift */,
			);
			path = Message;
			sourceTree = "<group>";
		};
		18D970482615C48C005F0A5A /* Profile */ = {
			isa = PBXGroup;
			children = (
				18D9707D2615C610005F0A5A /* ProfileTableViewController.swift */,
			);
			path = Profile;
			sourceTree = "<group>";
		};
		18D970492615C48C005F0A5A /* Main */ = {
			isa = PBXGroup;
			children = (
				1879BC71262025AB0066DA14 /* NewFeature */,
				18D970852615C63E005F0A5A /* MainViewController.swift */,
				18D970932615F6D4005F0A5A /* Visitor */,
			);
			path = Main;
			sourceTree = "<group>";
		};
		18D9708A2615E7F3005F0A5A /* Extension */ = {
			isa = PBXGroup;
			children = (
				18D9708B2615E80E005F0A5A /* UIButton+Extension.swift */,
				1879BA51261D46AC0066DA14 /* UILabel+Extension.swift */,
				1879BA56261D48850066DA14 /* UIImageView+Extension.swift */,
			);
			path = Extension;
			sourceTree = "<group>";
		};
		18D970932615F6D4005F0A5A /* Visitor */ = {
			isa = PBXGroup;
			children = (
				18D970942615F6F6005F0A5A /* VisitorTableViewController.swift */,
				18D970992615F909005F0A5A /* VisitorView.swift */,
			);
			path = Visitor;
			sourceTree = "<group>";
		};
		9DCE4CACEBD278FF35629CB0 /* Pods */ = {
			isa = PBXGroup;
			children = (
				0A5CD6770D57970085F44E43 /* Pods-MircoBlog.debug.xcconfig */,
				9AC9247CF2CE455D1BC092BC /* Pods-MircoBlog.release.xcconfig */,
				4FC3BFCFABB9535D966C9059 /* Pods-MircoBlog-MircoBlogUITests.debug.xcconfig */,
				E2F9D26A4199B9A06535FA84 /* Pods-MircoBlog-MircoBlogUITests.release.xcconfig */,
				F8399D8011CB5678BF7DDB53 /* Pods-MircoBlogTests.debug.xcconfig */,
				6A291A0790B3C5F8E6D44428 /* Pods-MircoBlogTests.release.xcconfig */,
			);
			path = Pods;
			sourceTree = "<group>";
		};
		FD77E0870895023CE527B36B /* Frameworks */ = {
			isa = PBXGroup;
			children = (
				EA178B41466B733B8FE7E2ED /* Pods_MircoBlog.framework */,
				1DF34E8C8B4E645D00C559CF /* Pods_MircoBlog_MircoBlogUITests.framework */,
				DC1FD9EBD02304DE2930855B /* Pods_MircoBlogTests.framework */,
			);
			name = Frameworks;
			sourceTree = "<group>";
		};
/* End PBXGroup section */

/* Begin PBXNativeTarget section */
		18D96FF92615B4D9005F0A5A /* MircoBlog */ = {
			isa = PBXNativeTarget;
			buildConfigurationList = 18D970242615B4DF005F0A5A /* Build configuration list for PBXNativeTarget "MircoBlog" */;
			buildPhases = (
				46BA0D5375A76FD126601299 /* [CP] Check Pods Manifest.lock */,
				18D96FF62615B4D9005F0A5A /* Sources */,
				18D96FF72615B4D9005F0A5A /* Frameworks */,
				18D96FF82615B4D9005F0A5A /* Resources */,
				E8A6F9F7BE351B70096390EF /* [CP] Embed Pods Frameworks */,
			);
			buildRules = (
			);
			dependencies = (
			);
			name = MircoBlog;
			productName = MircoBlog;
			productReference = 18D96FFA2615B4D9005F0A5A /* MircoBlog.app */;
			productType = "com.apple.product-type.application";
		};
		18D9700F2615B4DF005F0A5A /* MircoBlogTests */ = {
			isa = PBXNativeTarget;
			buildConfigurationList = 18D970272615B4DF005F0A5A /* Build configuration list for PBXNativeTarget "MircoBlogTests" */;
			buildPhases = (
				67C579AA7869A702EB220556 /* [CP] Check Pods Manifest.lock */,
				18D9700C2615B4DF005F0A5A /* Sources */,
				18D9700D2615B4DF005F0A5A /* Frameworks */,
				18D9700E2615B4DF005F0A5A /* Resources */,
			);
			buildRules = (
			);
			dependencies = (
				18D970122615B4DF005F0A5A /* PBXTargetDependency */,
			);
			name = MircoBlogTests;
			productName = MircoBlogTests;
			productReference = 18D970102615B4DF005F0A5A /* MircoBlogTests.xctest */;
			productType = "com.apple.product-type.bundle.unit-test";
		};
		18D9701A2615B4DF005F0A5A /* MircoBlogUITests */ = {
			isa = PBXNativeTarget;
			buildConfigurationList = 18D9702A2615B4DF005F0A5A /* Build configuration list for PBXNativeTarget "MircoBlogUITests" */;
			buildPhases = (
				86431AC162829DADDF7ED44B /* [CP] Check Pods Manifest.lock */,
				18D970172615B4DF005F0A5A /* Sources */,
				18D970182615B4DF005F0A5A /* Frameworks */,
				18D970192615B4DF005F0A5A /* Resources */,
				F80B0EC3AB5C795A17860AF5 /* [CP] Embed Pods Frameworks */,
			);
			buildRules = (
			);
			dependencies = (
				18D9701D2615B4DF005F0A5A /* PBXTargetDependency */,
			);
			name = MircoBlogUITests;
			productName = MircoBlogUITests;
			productReference = 18D9701B2615B4DF005F0A5A /* MircoBlogUITests.xctest */;
			productType = "com.apple.product-type.bundle.ui-testing";
		};
/* End PBXNativeTarget section */

/* Begin PBXProject section */
		18D96FF22615B4D9005F0A5A /* Project object */ = {
			isa = PBXProject;
			attributes = {
				LastSwiftUpdateCheck = 1240;
				LastUpgradeCheck = 1240;
				TargetAttributes = {
					18D96FF92615B4D9005F0A5A = {
						CreatedOnToolsVersion = 12.4;
					};
					18D9700F2615B4DF005F0A5A = {
						CreatedOnToolsVersion = 12.4;
						TestTargetID = 18D96FF92615B4D9005F0A5A;
					};
					18D9701A2615B4DF005F0A5A = {
						CreatedOnToolsVersion = 12.4;
						TestTargetID = 18D96FF92615B4D9005F0A5A;
					};
				};
			};
			buildConfigurationList = 18D96FF52615B4D9005F0A5A /* Build configuration list for PBXProject "MircoBlog" */;
			compatibilityVersion = "Xcode 9.3";
			developmentRegion = en;
			hasScannedForEncodings = 0;
			knownRegions = (
				en,
				Base,
			);
			mainGroup = 18D96FF12615B4D9005F0A5A;
			productRefGroup = 18D96FFB2615B4D9005F0A5A /* Products */;
			projectDirPath = "";
			projectRoot = "";
			targets = (
				18D96FF92615B4D9005F0A5A /* MircoBlog */,
				18D9700F2615B4DF005F0A5A /* MircoBlogTests */,
				18D9701A2615B4DF005F0A5A /* MircoBlogUITests */,
			);
		};
/* End PBXProject section */

/* Begin PBXResourcesBuildPhase section */
		18D96FF82615B4D9005F0A5A /* Resources */ = {
			isa = PBXResourcesBuildPhase;
			buildActionMask = 2147483647;
			files = (
				18D9700A2615B4DF005F0A5A /* LaunchScreen.storyboard in Resources */,
				18D970072615B4DF005F0A5A /* Assets.xcassets in Resources */,
			);
			runOnlyForDeploymentPostprocessing = 0;
		};
		18D9700E2615B4DF005F0A5A /* Resources */ = {
			isa = PBXResourcesBuildPhase;
			buildActionMask = 2147483647;
			files = (
			);
			runOnlyForDeploymentPostprocessing = 0;
		};
		18D970192615B4DF005F0A5A /* Resources */ = {
			isa = PBXResourcesBuildPhase;
			buildActionMask = 2147483647;
			files = (
			);
			runOnlyForDeploymentPostprocessing = 0;
		};
/* End PBXResourcesBuildPhase section */

/* Begin PBXShellScriptBuildPhase section */
		46BA0D5375A76FD126601299 /* [CP] Check Pods Manifest.lock */ = {
			isa = PBXShellScriptBuildPhase;
			buildActionMask = 2147483647;
			files = (
			);
			inputFileListPaths = (
			);
			inputPaths = (
				"${PODS_PODFILE_DIR_PATH}/Podfile.lock",
				"${PODS_ROOT}/Manifest.lock",
			);
			name = "[CP] Check Pods Manifest.lock";
			outputFileListPaths = (
			);
			outputPaths = (
				"$(DERIVED_FILE_DIR)/Pods-MircoBlog-checkManifestLockResult.txt",
			);
			runOnlyForDeploymentPostprocessing = 0;
			shellPath = /bin/sh;
			shellScript = "diff \"${PODS_PODFILE_DIR_PATH}/Podfile.lock\" \"${PODS_ROOT}/Manifest.lock\" > /dev/null\nif [ $? != 0 ] ; then\n    # print error to STDERR\n    echo \"error: The sandbox is not in sync with the Podfile.lock. Run 'pod install' or update your CocoaPods installation.\" >&2\n    exit 1\nfi\n# This output is used by Xcode 'outputs' to avoid re-running this script phase.\necho \"SUCCESS\" > \"${SCRIPT_OUTPUT_FILE_0}\"\n";
			showEnvVarsInLog = 0;
		};
		67C579AA7869A702EB220556 /* [CP] Check Pods Manifest.lock */ = {
			isa = PBXShellScriptBuildPhase;
			buildActionMask = 2147483647;
			files = (
			);
			inputFileListPaths = (
			);
			inputPaths = (
				"${PODS_PODFILE_DIR_PATH}/Podfile.lock",
				"${PODS_ROOT}/Manifest.lock",
			);
			name = "[CP] Check Pods Manifest.lock";
			outputFileListPaths = (
			);
			outputPaths = (
				"$(DERIVED_FILE_DIR)/Pods-MircoBlogTests-checkManifestLockResult.txt",
			);
			runOnlyForDeploymentPostprocessing = 0;
			shellPath = /bin/sh;
			shellScript = "diff \"${PODS_PODFILE_DIR_PATH}/Podfile.lock\" \"${PODS_ROOT}/Manifest.lock\" > /dev/null\nif [ $? != 0 ] ; then\n    # print error to STDERR\n    echo \"error: The sandbox is not in sync with the Podfile.lock. Run 'pod install' or update your CocoaPods installation.\" >&2\n    exit 1\nfi\n# This output is used by Xcode 'outputs' to avoid re-running this script phase.\necho \"SUCCESS\" > \"${SCRIPT_OUTPUT_FILE_0}\"\n";
			showEnvVarsInLog = 0;
		};
		86431AC162829DADDF7ED44B /* [CP] Check Pods Manifest.lock */ = {
			isa = PBXShellScriptBuildPhase;
			buildActionMask = 2147483647;
			files = (
			);
			inputFileListPaths = (
			);
			inputPaths = (
				"${PODS_PODFILE_DIR_PATH}/Podfile.lock",
				"${PODS_ROOT}/Manifest.lock",
			);
			name = "[CP] Check Pods Manifest.lock";
			outputFileListPaths = (
			);
			outputPaths = (
				"$(DERIVED_FILE_DIR)/Pods-MircoBlog-MircoBlogUITests-checkManifestLockResult.txt",
			);
			runOnlyForDeploymentPostprocessing = 0;
			shellPath = /bin/sh;
			shellScript = "diff \"${PODS_PODFILE_DIR_PATH}/Podfile.lock\" \"${PODS_ROOT}/Manifest.lock\" > /dev/null\nif [ $? != 0 ] ; then\n    # print error to STDERR\n    echo \"error: The sandbox is not in sync with the Podfile.lock. Run 'pod install' or update your CocoaPods installation.\" >&2\n    exit 1\nfi\n# This output is used by Xcode 'outputs' to avoid re-running this script phase.\necho \"SUCCESS\" > \"${SCRIPT_OUTPUT_FILE_0}\"\n";
			showEnvVarsInLog = 0;
		};
		E8A6F9F7BE351B70096390EF /* [CP] Embed Pods Frameworks */ = {
			isa = PBXShellScriptBuildPhase;
			buildActionMask = 2147483647;
			files = (
			);
			inputFileListPaths = (
				"${PODS_ROOT}/Target Support Files/Pods-MircoBlog/Pods-MircoBlog-frameworks-${CONFIGURATION}-input-files.xcfilelist",
			);
			name = "[CP] Embed Pods Frameworks";
			outputFileListPaths = (
				"${PODS_ROOT}/Target Support Files/Pods-MircoBlog/Pods-MircoBlog-frameworks-${CONFIGURATION}-output-files.xcfilelist",
			);
			runOnlyForDeploymentPostprocessing = 0;
			shellPath = /bin/sh;
			shellScript = "\"${PODS_ROOT}/Target Support Files/Pods-MircoBlog/Pods-MircoBlog-frameworks.sh\"\n";
			showEnvVarsInLog = 0;
		};
		F80B0EC3AB5C795A17860AF5 /* [CP] Embed Pods Frameworks */ = {
			isa = PBXShellScriptBuildPhase;
			buildActionMask = 2147483647;
			files = (
			);
			inputFileListPaths = (
				"${PODS_ROOT}/Target Support Files/Pods-MircoBlog-MircoBlogUITests/Pods-MircoBlog-MircoBlogUITests-frameworks-${CONFIGURATION}-input-files.xcfilelist",
			);
			name = "[CP] Embed Pods Frameworks";
			outputFileListPaths = (
				"${PODS_ROOT}/Target Support Files/Pods-MircoBlog-MircoBlogUITests/Pods-MircoBlog-MircoBlogUITests-frameworks-${CONFIGURATION}-output-files.xcfilelist",
			);
			runOnlyForDeploymentPostprocessing = 0;
			shellPath = /bin/sh;
			shellScript = "\"${PODS_ROOT}/Target Support Files/Pods-MircoBlog-MircoBlogUITests/Pods-MircoBlog-MircoBlogUITests-frameworks.sh\"\n";
			showEnvVarsInLog = 0;
		};
/* End PBXShellScriptBuildPhase section */

/* Begin PBXSourcesBuildPhase section */
		18D96FF62615B4D9005F0A5A /* Sources */ = {
			isa = PBXSourcesBuildPhase;
			buildActionMask = 2147483647;
			files = (
				18D9707E2615C610005F0A5A /* ProfileTableViewController.swift in Sources */,
				1879BCAB262190760066DA14 /* StatusTableViewCellBottomView.swift in Sources */,
				18D9706A2615C5E7005F0A5A /* HomeTableViewController.swift in Sources */,
				1879BBCA261DB4250066DA14 /* OAtuhViewController.swift in Sources */,
				1879BA52261D46AC0066DA14 /* UILabel+Extension.swift in Sources */,
				18D970792615C609005F0A5A /* MessageTableViewController.swift in Sources */,
				1879BA5C261D537E0066DA14 /* Common.swift in Sources */,
				18D970862615C63E005F0A5A /* MainViewController.swift in Sources */,
				18D970952615F6F6005F0A5A /* VisitorTableViewController.swift in Sources */,
				1879BC9E2621901B0066DA14 /* StatusTableViewCell.swift in Sources */,
				1879BC8E262182800066DA14 /* StatusListViewModel.swift in Sources */,
				18D970742615C600005F0A5A /* DiscoverTableViewController.swift in Sources */,
				1879BC7826204EC90066DA14 /* WelcomeViewController.swift in Sources */,
				1879BA57261D48850066DA14 /* UIImageView+Extension.swift in Sources */,
				18D9709A2615F909005F0A5A /* VisitorView.swift in Sources */,
				18D96FFE2615B4D9005F0A5A /* AppDelegate.swift in Sources */,
				1879BBC0261DB2EB0066DA14 /* NetworkTools.swift in Sources */,
				1879BCA62621904A0066DA14 /* StatusTableViewCellTopView.swift in Sources */,
				1879BC1F261F26090066DA14 /* UserAccountViewModel.swift in Sources */,
				18D9708C2615E80F005F0A5A /* UIButton+Extension.swift in Sources */,
				1879BC14261EE9CC0066DA14 /* UserAccount.swift in Sources */,
				18711FDE26293827008C5A49 /* StatusPictureView.swift in Sources */,
				1879BC9826218DBC0066DA14 /* StatusViewModel.swift in Sources */,
				1879BC89262159FF0066DA14 /* Status.swift in Sources */,
				1879BC73262026630066DA14 /* NewFeatureCollectionViewController.swift in Sources */,
				1879BC93262187A70066DA14 /* User.swift in Sources */,
			);
			runOnlyForDeploymentPostprocessing = 0;
		};
		18D9700C2615B4DF005F0A5A /* Sources */ = {
			isa = PBXSourcesBuildPhase;
			buildActionMask = 2147483647;
			files = (
				18D970152615B4DF005F0A5A /* MircoBlogTests.swift in Sources */,
			);
			runOnlyForDeploymentPostprocessing = 0;
		};
		18D970172615B4DF005F0A5A /* Sources */ = {
			isa = PBXSourcesBuildPhase;
			buildActionMask = 2147483647;
			files = (
				18D970202615B4DF005F0A5A /* MircoBlogUITests.swift in Sources */,
			);
			runOnlyForDeploymentPostprocessing = 0;
		};
/* End PBXSourcesBuildPhase section */

/* Begin PBXTargetDependency section */
		18D970122615B4DF005F0A5A /* PBXTargetDependency */ = {
			isa = PBXTargetDependency;
			target = 18D96FF92615B4D9005F0A5A /* MircoBlog */;
			targetProxy = 18D970112615B4DF005F0A5A /* PBXContainerItemProxy */;
		};
		18D9701D2615B4DF005F0A5A /* PBXTargetDependency */ = {
			isa = PBXTargetDependency;
			target = 18D96FF92615B4D9005F0A5A /* MircoBlog */;
			targetProxy = 18D9701C2615B4DF005F0A5A /* PBXContainerItemProxy */;
		};
/* End PBXTargetDependency section */

/* Begin PBXVariantGroup section */
		18D970082615B4DF005F0A5A /* LaunchScreen.storyboard */ = {
			isa = PBXVariantGroup;
			children = (
				18D970092615B4DF005F0A5A /* Base */,
			);
			name = LaunchScreen.storyboard;
			sourceTree = "<group>";
		};
/* End PBXVariantGroup section */

/* Begin XCBuildConfiguration section */
		18D970222615B4DF005F0A5A /* Debug */ = {
			isa = XCBuildConfiguration;
			buildSettings = {
				ALWAYS_SEARCH_USER_PATHS = NO;
				CLANG_ANALYZER_NONNULL = YES;
				CLANG_ANALYZER_NUMBER_OBJECT_CONVERSION = YES_AGGRESSIVE;
				CLANG_CXX_LANGUAGE_STANDARD = "gnu++14";
				CLANG_CXX_LIBRARY = "libc++";
				CLANG_ENABLE_MODULES = YES;
				CLANG_ENABLE_OBJC_ARC = YES;
				CLANG_ENABLE_OBJC_WEAK = YES;
				CLANG_WARN_BLOCK_CAPTURE_AUTORELEASING = YES;
				CLANG_WARN_BOOL_CONVERSION = YES;
				CLANG_WARN_COMMA = YES;
				CLANG_WARN_CONSTANT_CONVERSION = YES;
				CLANG_WARN_DEPRECATED_OBJC_IMPLEMENTATIONS = YES;
				CLANG_WARN_DIRECT_OBJC_ISA_USAGE = YES_ERROR;
				CLANG_WARN_DOCUMENTATION_COMMENTS = YES;
				CLANG_WARN_EMPTY_BODY = YES;
				CLANG_WARN_ENUM_CONVERSION = YES;
				CLANG_WARN_INFINITE_RECURSION = YES;
				CLANG_WARN_INT_CONVERSION = YES;
				CLANG_WARN_NON_LITERAL_NULL_CONVERSION = YES;
				CLANG_WARN_OBJC_IMPLICIT_RETAIN_SELF = YES;
				CLANG_WARN_OBJC_LITERAL_CONVERSION = YES;
				CLANG_WARN_OBJC_ROOT_CLASS = YES_ERROR;
				CLANG_WARN_QUOTED_INCLUDE_IN_FRAMEWORK_HEADER = YES;
				CLANG_WARN_RANGE_LOOP_ANALYSIS = YES;
				CLANG_WARN_STRICT_PROTOTYPES = YES;
				CLANG_WARN_SUSPICIOUS_MOVE = YES;
				CLANG_WARN_UNGUARDED_AVAILABILITY = YES_AGGRESSIVE;
				CLANG_WARN_UNREACHABLE_CODE = YES;
				CLANG_WARN__DUPLICATE_METHOD_MATCH = YES;
				COPY_PHASE_STRIP = NO;
				DEBUG_INFORMATION_FORMAT = dwarf;
				ENABLE_STRICT_OBJC_MSGSEND = YES;
				ENABLE_TESTABILITY = YES;
				GCC_C_LANGUAGE_STANDARD = gnu11;
				GCC_DYNAMIC_NO_PIC = NO;
				GCC_NO_COMMON_BLOCKS = YES;
				GCC_OPTIMIZATION_LEVEL = 0;
				GCC_PREPROCESSOR_DEFINITIONS = (
					"DEBUG=1",
					"$(inherited)",
				);
				GCC_WARN_64_TO_32_BIT_CONVERSION = YES;
				GCC_WARN_ABOUT_RETURN_TYPE = YES_ERROR;
				GCC_WARN_UNDECLARED_SELECTOR = YES;
				GCC_WARN_UNINITIALIZED_AUTOS = YES_AGGRESSIVE;
				GCC_WARN_UNUSED_FUNCTION = YES;
				GCC_WARN_UNUSED_VARIABLE = YES;
				IPHONEOS_DEPLOYMENT_TARGET = 14.4;
				MTL_ENABLE_DEBUG_INFO = INCLUDE_SOURCE;
				MTL_FAST_MATH = YES;
				ONLY_ACTIVE_ARCH = YES;
				SDKROOT = iphoneos;
				SWIFT_ACTIVE_COMPILATION_CONDITIONS = DEBUG;
				SWIFT_OPTIMIZATION_LEVEL = "-Onone";
			};
			name = Debug;
		};
		18D970232615B4DF005F0A5A /* Release */ = {
			isa = XCBuildConfiguration;
			buildSettings = {
				ALWAYS_SEARCH_USER_PATHS = NO;
				CLANG_ANALYZER_NONNULL = YES;
				CLANG_ANALYZER_NUMBER_OBJECT_CONVERSION = YES_AGGRESSIVE;
				CLANG_CXX_LANGUAGE_STANDARD = "gnu++14";
				CLANG_CXX_LIBRARY = "libc++";
				CLANG_ENABLE_MODULES = YES;
				CLANG_ENABLE_OBJC_ARC = YES;
				CLANG_ENABLE_OBJC_WEAK = YES;
				CLANG_WARN_BLOCK_CAPTURE_AUTORELEASING = YES;
				CLANG_WARN_BOOL_CONVERSION = YES;
				CLANG_WARN_COMMA = YES;
				CLANG_WARN_CONSTANT_CONVERSION = YES;
				CLANG_WARN_DEPRECATED_OBJC_IMPLEMENTATIONS = YES;
				CLANG_WARN_DIRECT_OBJC_ISA_USAGE = YES_ERROR;
				CLANG_WARN_DOCUMENTATION_COMMENTS = YES;
				CLANG_WARN_EMPTY_BODY = YES;
				CLANG_WARN_ENUM_CONVERSION = YES;
				CLANG_WARN_INFINITE_RECURSION = YES;
				CLANG_WARN_INT_CONVERSION = YES;
				CLANG_WARN_NON_LITERAL_NULL_CONVERSION = YES;
				CLANG_WARN_OBJC_IMPLICIT_RETAIN_SELF = YES;
				CLANG_WARN_OBJC_LITERAL_CONVERSION = YES;
				CLANG_WARN_OBJC_ROOT_CLASS = YES_ERROR;
				CLANG_WARN_QUOTED_INCLUDE_IN_FRAMEWORK_HEADER = YES;
				CLANG_WARN_RANGE_LOOP_ANALYSIS = YES;
				CLANG_WARN_STRICT_PROTOTYPES = YES;
				CLANG_WARN_SUSPICIOUS_MOVE = YES;
				CLANG_WARN_UNGUARDED_AVAILABILITY = YES_AGGRESSIVE;
				CLANG_WARN_UNREACHABLE_CODE = YES;
				CLANG_WARN__DUPLICATE_METHOD_MATCH = YES;
				COPY_PHASE_STRIP = NO;
				DEBUG_INFORMATION_FORMAT = "dwarf-with-dsym";
				ENABLE_NS_ASSERTIONS = NO;
				ENABLE_STRICT_OBJC_MSGSEND = YES;
				GCC_C_LANGUAGE_STANDARD = gnu11;
				GCC_NO_COMMON_BLOCKS = YES;
				GCC_WARN_64_TO_32_BIT_CONVERSION = YES;
				GCC_WARN_ABOUT_RETURN_TYPE = YES_ERROR;
				GCC_WARN_UNDECLARED_SELECTOR = YES;
				GCC_WARN_UNINITIALIZED_AUTOS = YES_AGGRESSIVE;
				GCC_WARN_UNUSED_FUNCTION = YES;
				GCC_WARN_UNUSED_VARIABLE = YES;
				IPHONEOS_DEPLOYMENT_TARGET = 14.4;
				MTL_ENABLE_DEBUG_INFO = NO;
				MTL_FAST_MATH = YES;
				SDKROOT = iphoneos;
				SWIFT_COMPILATION_MODE = wholemodule;
				SWIFT_OPTIMIZATION_LEVEL = "-O";
				VALIDATE_PRODUCT = YES;
			};
			name = Release;
		};
		18D970252615B4DF005F0A5A /* Debug */ = {
			isa = XCBuildConfiguration;
			baseConfigurationReference = 0A5CD6770D57970085F44E43 /* Pods-MircoBlog.debug.xcconfig */;
			buildSettings = {
				ASSETCATALOG_COMPILER_APPICON_NAME = AppIcon;
				ASSETCATALOG_COMPILER_GLOBAL_ACCENT_COLOR_NAME = AccentColor;
				CODE_SIGN_STYLE = Automatic;
				DEVELOPMENT_TEAM = 683BP79VXM;
				INFOPLIST_FILE = MircoBlog/Info.plist;
				IPHONEOS_DEPLOYMENT_TARGET = 13.2;
				LD_RUNPATH_SEARCH_PATHS = (
					"$(inherited)",
					"@executable_path/Frameworks",
				);
				MARKETING_VERSION = 1.6;
				PRODUCT_BUNDLE_IDENTIFIER = HDUGWKJ.MircoBlog;
				PRODUCT_NAME = "$(TARGET_NAME)";
				SWIFT_VERSION = 5.0;
				TARGETED_DEVICE_FAMILY = "1,2";
			};
			name = Debug;
		};
		18D970262615B4DF005F0A5A /* Release */ = {
			isa = XCBuildConfiguration;
			baseConfigurationReference = 9AC9247CF2CE455D1BC092BC /* Pods-MircoBlog.release.xcconfig */;
			buildSettings = {
				ASSETCATALOG_COMPILER_APPICON_NAME = AppIcon;
				ASSETCATALOG_COMPILER_GLOBAL_ACCENT_COLOR_NAME = AccentColor;
				CODE_SIGN_STYLE = Automatic;
				DEVELOPMENT_TEAM = 683BP79VXM;
				INFOPLIST_FILE = MircoBlog/Info.plist;
				IPHONEOS_DEPLOYMENT_TARGET = 13.2;
				LD_RUNPATH_SEARCH_PATHS = (
					"$(inherited)",
					"@executable_path/Frameworks",
				);
				MARKETING_VERSION = 1.6;
				PRODUCT_BUNDLE_IDENTIFIER = HDUGWKJ.MircoBlog;
				PRODUCT_NAME = "$(TARGET_NAME)";
				SWIFT_VERSION = 5.0;
				TARGETED_DEVICE_FAMILY = "1,2";
			};
			name = Release;
		};
		18D970282615B4DF005F0A5A /* Debug */ = {
			isa = XCBuildConfiguration;
			baseConfigurationReference = F8399D8011CB5678BF7DDB53 /* Pods-MircoBlogTests.debug.xcconfig */;
			buildSettings = {
				ALWAYS_EMBED_SWIFT_STANDARD_LIBRARIES = YES;
				BUNDLE_LOADER = "$(TEST_HOST)";
				CODE_SIGN_STYLE = Automatic;
				DEVELOPMENT_TEAM = 683BP79VXM;
				INFOPLIST_FILE = MircoBlogTests/Info.plist;
				IPHONEOS_DEPLOYMENT_TARGET = 14.4;
				LD_RUNPATH_SEARCH_PATHS = (
					"$(inherited)",
					"@executable_path/Frameworks",
					"@loader_path/Frameworks",
				);
				PRODUCT_BUNDLE_IDENTIFIER = HDUGWKJ.MircoBlogTests;
				PRODUCT_NAME = "$(TARGET_NAME)";
				SWIFT_VERSION = 5.0;
				TARGETED_DEVICE_FAMILY = "1,2";
				TEST_HOST = "$(BUILT_PRODUCTS_DIR)/MircoBlog.app/MircoBlog";
			};
			name = Debug;
		};
		18D970292615B4DF005F0A5A /* Release */ = {
			isa = XCBuildConfiguration;
			baseConfigurationReference = 6A291A0790B3C5F8E6D44428 /* Pods-MircoBlogTests.release.xcconfig */;
			buildSettings = {
				ALWAYS_EMBED_SWIFT_STANDARD_LIBRARIES = YES;
				BUNDLE_LOADER = "$(TEST_HOST)";
				CODE_SIGN_STYLE = Automatic;
				DEVELOPMENT_TEAM = 683BP79VXM;
				INFOPLIST_FILE = MircoBlogTests/Info.plist;
				IPHONEOS_DEPLOYMENT_TARGET = 14.4;
				LD_RUNPATH_SEARCH_PATHS = (
					"$(inherited)",
					"@executable_path/Frameworks",
					"@loader_path/Frameworks",
				);
				PRODUCT_BUNDLE_IDENTIFIER = HDUGWKJ.MircoBlogTests;
				PRODUCT_NAME = "$(TARGET_NAME)";
				SWIFT_VERSION = 5.0;
				TARGETED_DEVICE_FAMILY = "1,2";
				TEST_HOST = "$(BUILT_PRODUCTS_DIR)/MircoBlog.app/MircoBlog";
			};
			name = Release;
		};
		18D9702B2615B4DF005F0A5A /* Debug */ = {
			isa = XCBuildConfiguration;
			baseConfigurationReference = 4FC3BFCFABB9535D966C9059 /* Pods-MircoBlog-MircoBlogUITests.debug.xcconfig */;
			buildSettings = {
				ALWAYS_EMBED_SWIFT_STANDARD_LIBRARIES = YES;
				CODE_SIGN_STYLE = Automatic;
				DEVELOPMENT_TEAM = 683BP79VXM;
				INFOPLIST_FILE = MircoBlogUITests/Info.plist;
				LD_RUNPATH_SEARCH_PATHS = (
					"$(inherited)",
					"@executable_path/Frameworks",
					"@loader_path/Frameworks",
				);
				PRODUCT_BUNDLE_IDENTIFIER = HDUGWKJ.MircoBlogUITests;
				PRODUCT_NAME = "$(TARGET_NAME)";
				SWIFT_VERSION = 5.0;
				TARGETED_DEVICE_FAMILY = "1,2";
				TEST_TARGET_NAME = MircoBlog;
			};
			name = Debug;
		};
		18D9702C2615B4DF005F0A5A /* Release */ = {
			isa = XCBuildConfiguration;
			baseConfigurationReference = E2F9D26A4199B9A06535FA84 /* Pods-MircoBlog-MircoBlogUITests.release.xcconfig */;
			buildSettings = {
				ALWAYS_EMBED_SWIFT_STANDARD_LIBRARIES = YES;
				CODE_SIGN_STYLE = Automatic;
				DEVELOPMENT_TEAM = 683BP79VXM;
				INFOPLIST_FILE = MircoBlogUITests/Info.plist;
				LD_RUNPATH_SEARCH_PATHS = (
					"$(inherited)",
					"@executable_path/Frameworks",
					"@loader_path/Frameworks",
				);
				PRODUCT_BUNDLE_IDENTIFIER = HDUGWKJ.MircoBlogUITests;
				PRODUCT_NAME = "$(TARGET_NAME)";
				SWIFT_VERSION = 5.0;
				TARGETED_DEVICE_FAMILY = "1,2";
				TEST_TARGET_NAME = MircoBlog;
			};
			name = Release;
		};
/* End XCBuildConfiguration section */

/* Begin XCConfigurationList section */
		18D96FF52615B4D9005F0A5A /* Build configuration list for PBXProject "MircoBlog" */ = {
			isa = XCConfigurationList;
			buildConfigurations = (
				18D970222615B4DF005F0A5A /* Debug */,
				18D970232615B4DF005F0A5A /* Release */,
			);
			defaultConfigurationIsVisible = 0;
			defaultConfigurationName = Release;
		};
		18D970242615B4DF005F0A5A /* Build configuration list for PBXNativeTarget "MircoBlog" */ = {
			isa = XCConfigurationList;
			buildConfigurations = (
				18D970252615B4DF005F0A5A /* Debug */,
				18D970262615B4DF005F0A5A /* Release */,
			);
			defaultConfigurationIsVisible = 0;
			defaultConfigurationName = Release;
		};
		18D970272615B4DF005F0A5A /* Build configuration list for PBXNativeTarget "MircoBlogTests" */ = {
			isa = XCConfigurationList;
			buildConfigurations = (
				18D970282615B4DF005F0A5A /* Debug */,
				18D970292615B4DF005F0A5A /* Release */,
			);
			defaultConfigurationIsVisible = 0;
			defaultConfigurationName = Release;
		};
		18D9702A2615B4DF005F0A5A /* Build configuration list for PBXNativeTarget "MircoBlogUITests" */ = {
			isa = XCConfigurationList;
			buildConfigurations = (
				18D9702B2615B4DF005F0A5A /* Debug */,
				18D9702C2615B4DF005F0A5A /* Release */,
			);
			defaultConfigurationIsVisible = 0;
			defaultConfigurationName = Release;
		};
/* End XCConfigurationList section */
	};
	rootObject = 18D96FF22615B4D9005F0A5A /* Project object */;
}
